
Microsoft Visual Studio Solution File, Format Version 11.00
# Visual Studio 2010
Project("{FAE04EC0-301F-11D3-BF4B-00C04F79EFBC}") = "Assembly-CSharp", "Assembly-CSharp.csproj", "{a63d6c8b-c9cf-d04d-b728-b1aec8fb40c4}"
EndProject
Project("{FAE04EC0-301F-11D3-BF4B-00C04F79EFBC}") = "GoogleMobileAds.Editor", "GoogleMobileAds.Editor.csproj", "{cff4adbe-509a-8cd3-134a-09b46b8347bf}"
EndProject
Project("{FAE04EC0-301F-11D3-BF4B-00C04F79EFBC}") = "Assembly-CSharp-Editor", "Assembly-CSharp-Editor.csproj", "{b957a9e6-3d76-0713-4270-ef4f8c239e74}"
EndProject
Global
	GlobalSection(SolutionConfigurationPlatforms) = preSolution
		Debug|Any CPU = Debug|Any CPU
	EndGlobalSection
	GlobalSection(ProjectConfigurationPlatforms) = postSolution
		{a63d6c8b-c9cf-d04d-b728-b1aec8fb40c4}.Debug|Any CPU.ActiveCfg = Debug|Any CPU
		{a63d6c8b-c9cf-d04d-b728-b1aec8fb40c4}.Debug|Any CPU.Build.0 = Debug|Any CPU
		{cff4adbe-509a-8cd3-134a-09b46b8347bf}.Debug|Any CPU.ActiveCfg = Debug|Any CPU
		{cff4adbe-509a-8cd3-134a-09b46b8347bf}.Debug|Any CPU.Build.0 = Debug|Any CPU
		{b957a9e6-3d76-0713-4270-ef4f8c239e74}.Debug|Any CPU.ActiveCfg = Debug|Any CPU
		{b957a9e6-3d76-0713-4270-ef4f8c239e74}.Debug|Any CPU.Build.0 = Debug|Any CPU
	EndGlobalSection
	GlobalSection(SolutionProperties) = preSolution
		HideSolutionNode = FALSE
	EndGlobalSection
EndGlobal
